
Microsoft Visual Studio Solution File, Format Version 12.00
# Visual Studio Version 17
VisualStudioVersion = 17.9.34728.123
MinimumVisualStudioVersion = 10.0.40219.1
Project("{9A19103F-16F7-4668-BE54-9A1E7A4F7556}") = "ApiLibro", "ApiLibro.csproj", "{5832A941-657D-4D36-82A8-C033367747E9}"
EndProject
Global
	GlobalSection(SolutionConfigurationPlatforms) = preSolution
		Debug|Any CPU = Debug|Any CPU
		Release|Any CPU = Release|Any CPU
	EndGlobalSection
	GlobalSection(ProjectConfigurationPlatforms) = postSolution
		{5832A941-657D-4D36-82A8-C033367747E9}.Debug|Any CPU.ActiveCfg = Debug|Any CPU
		{5832A941-657D-4D36-82A8-C033367747E9}.Debug|Any CPU.Build.0 = Debug|Any CPU
		{5832A941-657D-4D36-82A8-C033367747E9}.Release|Any CPU.ActiveCfg = Release|Any CPU
		{5832A941-657D-4D36-82A8-C033367747E9}.Release|Any CPU.Build.0 = Release|Any CPU
	EndGlobalSection
	GlobalSection(SolutionProperties) = preSolution
		HideSolutionNode = FALSE
	EndGlobalSection
	GlobalSection(ExtensibilityGlobals) = postSolution
		SolutionGuid = {E710B2F2-4110-41DE-90F3-1EE5D4DB32D4}
	EndGlobalSection
EndGlobal
