
Microsoft Visual Studio Solution File, Format Version 12.00
# Visual Studio Version 17
VisualStudioVersion = 17.9.34728.123
MinimumVisualStudioVersion = 10.0.40219.1
Project("{6EC3EE1D-3C4E-46DD-8F32-0CC8E7565705}") = "Practica APi", "Practica APi.fsproj", "{B5333E56-24F3-4F94-82EC-D4ECA66BCD50}"
EndProject
Project("{2150E333-8FDC-42A3-9474-1A3956D46DE8}") = "Elementos de la solución", "Elementos de la solución", "{6D03F8AA-D16D-4C2E-8872-C7FEAD5D9A87}"
EndProject
Global
	GlobalSection(SolutionConfigurationPlatforms) = preSolution
		Debug|Any CPU = Debug|Any CPU
		Release|Any CPU = Release|Any CPU
	EndGlobalSection
	GlobalSection(ProjectConfigurationPlatforms) = postSolution
		{B5333E56-24F3-4F94-82EC-D4ECA66BCD50}.Debug|Any CPU.ActiveCfg = Debug|Any CPU
		{B5333E56-24F3-4F94-82EC-D4ECA66BCD50}.Debug|Any CPU.Build.0 = Debug|Any CPU
		{B5333E56-24F3-4F94-82EC-D4ECA66BCD50}.Release|Any CPU.ActiveCfg = Release|Any CPU
		{B5333E56-24F3-4F94-82EC-D4ECA66BCD50}.Release|Any CPU.Build.0 = Release|Any CPU
	EndGlobalSection
	GlobalSection(SolutionProperties) = preSolution
		HideSolutionNode = FALSE
	EndGlobalSection
	GlobalSection(ExtensibilityGlobals) = postSolution
		SolutionGuid = {D19D9ECC-D113-47C3-9C2B-3FF52C18E397}
	EndGlobalSection
EndGlobal
